# Generated by buf. DO NOT EDIT.
version: v1
deps:
  - remote: buf.build
    owner: googleapis
    repository: googleapis
    commit: 711e289f6a384c4caeebaff7c6931ade
    digest: shake256:e08fb55dad7469f69df00304eed31427d2d1576e9aab31e6bf86642688e04caaf0372f15fe6974cf79432779a635b3ea401ca69c943976dc42749524e4c25d94
  - remote: buf.build
    owner: olexandr
    repository: test
    commit: a0ac2418672b4c0da951f5f4fc87486f
    digest: shake256:ab0a83ba79a1157567ce82a58fdcfaca4ce9b4be4db9b67a509bb98429fa6edf84368c5c9c95cc5d9d33948adf9f27f39867d16252927d626fee86fb076627eb
